// !$*UTF8*$!
{
	archiveVersion = 1;
	classes = {
	};
	objectVersion = 56;
	objects = {

/* Begin PBXBuildFile section */
		020DA8D92C6CE3A700152C8E /* CollabCardsTests.swift in Sources */ = {isa = PBXBuildFile; fileRef = 020DA8D82C6CE3A700152C8E /* CollabCardsTests.swift */; };
		020DA8E22C6CE3EA00152C8E /* CardViewModelTests.swift in Sources */ = {isa = PBXBuildFile; fileRef = 020DA8E12C6CE3EA00152C8E /* CardViewModelTests.swift */; };
		020DA8E42C6CE3F900152C8E /* BoardViewModelTests.swift in Sources */ = {isa = PBXBuildFile; fileRef = 020DA8E32C6CE3F900152C8E /* BoardViewModelTests.swift */; };
		021509C92C512824002BFFED /* EmptyView.swift in Sources */ = {isa = PBXBuildFile; fileRef = 021509C82C512824002BFFED /* EmptyView.swift */; };
		021509E42C52374A002BFFED /* DurationSettingView.swift in Sources */ = {isa = PBXBuildFile; fileRef = 021509E32C52374A002BFFED /* DurationSettingView.swift */; };
		021509E82C5250F6002BFFED /* GoogleService-Info.plist in Resources */ = {isa = PBXBuildFile; fileRef = 021509E72C5250F6002BFFED /* GoogleService-Info.plist */; };
		02150A252C525512002BFFED /* Crashlytics.swift in Sources */ = {isa = PBXBuildFile; fileRef = 02150A242C525512002BFFED /* Crashlytics.swift */; };
		022051D32C5A3BB500DFAC41 /* FirebaseCrashlytics in Frameworks */ = {isa = PBXBuildFile; productRef = 022051D22C5A3BB500DFAC41 /* FirebaseCrashlytics */; };
		022051D52C5A3BB500DFAC41 /* FirebaseFirestore in Frameworks */ = {isa = PBXBuildFile; productRef = 022051D42C5A3BB500DFAC41 /* FirebaseFirestore */; };
		022051D72C5A3BB500DFAC41 /* FirebaseFirestoreCombine-Community in Frameworks */ = {isa = PBXBuildFile; productRef = 022051D62C5A3BB500DFAC41 /* FirebaseFirestoreCombine-Community */; };
		022051DA2C5A3C2700DFAC41 /* EFQRCode in Frameworks */ = {isa = PBXBuildFile; productRef = 022051D92C5A3C2700DFAC41 /* EFQRCode */; };
		022051DC2C5A3DDD00DFAC41 /* QRScannerView.swift in Sources */ = {isa = PBXBuildFile; fileRef = 022051DB2C5A3DDD00DFAC41 /* QRScannerView.swift */; };
		024795422C5C855900C27F61 /* BoardViewModel.swift in Sources */ = {isa = PBXBuildFile; fileRef = 024795412C5C855900C27F61 /* BoardViewModel.swift */; };
		024795472C5CD00100C27F61 /* QRScannerAndManualEntryView.swift in Sources */ = {isa = PBXBuildFile; fileRef = 024795462C5CD00100C27F61 /* QRScannerAndManualEntryView.swift */; };
		024795552C5D108900C27F61 /* ShareSheet.swift in Sources */ = {isa = PBXBuildFile; fileRef = 024795542C5D108900C27F61 /* ShareSheet.swift */; };
		02587EBB2C69EC7B00FE3A6F /* SettingsView.swift in Sources */ = {isa = PBXBuildFile; fileRef = 02587EBA2C69EC7B00FE3A6F /* SettingsView.swift */; };
		02587EBD2C69F39500FE3A6F /* ActionButtonView.swift in Sources */ = {isa = PBXBuildFile; fileRef = 02587EBC2C69F39500FE3A6F /* ActionButtonView.swift */; };
		02587EBF2C69F3AE00FE3A6F /* CheckButtonView.swift in Sources */ = {isa = PBXBuildFile; fileRef = 02587EBE2C69F3AE00FE3A6F /* CheckButtonView.swift */; };
		02699A6B2C6B55DA003E8610 /* CancelButton.swift in Sources */ = {isa = PBXBuildFile; fileRef = 02699A6A2C6B55D9003E8610 /* CancelButton.swift */; };
		02699A6D2C6B55F1003E8610 /* SaveButton.swift in Sources */ = {isa = PBXBuildFile; fileRef = 02699A6C2C6B55F1003E8610 /* SaveButton.swift */; };
		02699A6F2C6B65C9003E8610 /* CardTitleInput.swift in Sources */ = {isa = PBXBuildFile; fileRef = 02699A6E2C6B65C9003E8610 /* CardTitleInput.swift */; };
		02699A712C6B660B003E8610 /* CardStatusPicker.swift in Sources */ = {isa = PBXBuildFile; fileRef = 02699A702C6B660B003E8610 /* CardStatusPicker.swift */; };
		0288CC832C58D5790083B540 /* HomeView.swift in Sources */ = {isa = PBXBuildFile; fileRef = 0288CC822C58D5790083B540 /* HomeView.swift */; };
		0288CC872C58F1080083B540 /* NewBoardView.swift in Sources */ = {isa = PBXBuildFile; fileRef = 0288CC862C58F1080083B540 /* NewBoardView.swift */; };
		028B9DC42C5913450068C0B9 /* Board.swift in Sources */ = {isa = PBXBuildFile; fileRef = 028B9DC32C5913450068C0B9 /* Board.swift */; };
		02A6ABFA2C51254700234AF3 /* CollabCardsApp.swift in Sources */ = {isa = PBXBuildFile; fileRef = 02A6ABF92C51254700234AF3 /* CollabCardsApp.swift */; };
		02A6ABFC2C51254700234AF3 /* ContentView.swift in Sources */ = {isa = PBXBuildFile; fileRef = 02A6ABFB2C51254700234AF3 /* ContentView.swift */; };
		02A6ABFE2C51254800234AF3 /* Assets.xcassets in Resources */ = {isa = PBXBuildFile; fileRef = 02A6ABFD2C51254800234AF3 /* Assets.xcassets */; };
		02A6AC012C51254800234AF3 /* Preview Assets.xcassets in Resources */ = {isa = PBXBuildFile; fileRef = 02A6AC002C51254800234AF3 /* Preview Assets.xcassets */; };
		02B5F53A2C538BCA006C0BFB /* BoardView.swift in Sources */ = {isa = PBXBuildFile; fileRef = 02B5F5392C538BCA006C0BFB /* BoardView.swift */; };
		02B5F53D2C538C7F006C0BFB /* CardViewModel.swift in Sources */ = {isa = PBXBuildFile; fileRef = 02B5F53C2C538C7F006C0BFB /* CardViewModel.swift */; };
		02B5F53F2C538D40006C0BFB /* Card.swift in Sources */ = {isa = PBXBuildFile; fileRef = 02B5F53E2C538D40006C0BFB /* Card.swift */; };
		02B5F5412C538F6E006C0BFB /* AddCardView.swift in Sources */ = {isa = PBXBuildFile; fileRef = 02B5F5402C538F6E006C0BFB /* AddCardView.swift */; };
		02B5F5432C538FC7006C0BFB /* CardColumnView.swift in Sources */ = {isa = PBXBuildFile; fileRef = 02B5F5422C538FC7006C0BFB /* CardColumnView.swift */; };
		02B5F5452C53A5F3006C0BFB /* CardView.swift in Sources */ = {isa = PBXBuildFile; fileRef = 02B5F5442C53A5F3006C0BFB /* CardView.swift */; };
		02B5F5472C53AB17006C0BFB /* CardDropDelegate.swift in Sources */ = {isa = PBXBuildFile; fileRef = 02B5F5462C53AB17006C0BFB /* CardDropDelegate.swift */; };
		02B5F5492C53B25A006C0BFB /* EditCardView.swift in Sources */ = {isa = PBXBuildFile; fileRef = 02B5F5482C53B25A006C0BFB /* EditCardView.swift */; };
		02EBDCCF2C66395A009BC723 /* HeaderView.swift in Sources */ = {isa = PBXBuildFile; fileRef = 02EBDCCE2C66395A009BC723 /* HeaderView.swift */; };
/* End PBXBuildFile section */

/* Begin PBXContainerItemProxy section */
		020DA8DA2C6CE3A700152C8E /* PBXContainerItemProxy */ = {
			isa = PBXContainerItemProxy;
			containerPortal = 02A6ABEE2C51254700234AF3 /* Project object */;
			proxyType = 1;
			remoteGlobalIDString = 02A6ABF52C51254700234AF3;
			remoteInfo = CollabCards;
		};
/* End PBXContainerItemProxy section */

/* Begin PBXFileReference section */
		020DA8D62C6CE3A700152C8E /* CollabCardsTests.xctest */ = {isa = PBXFileReference; explicitFileType = wrapper.cfbundle; includeInIndex = 0; path = CollabCardsTests.xctest; sourceTree = BUILT_PRODUCTS_DIR; };
		020DA8D82C6CE3A700152C8E /* CollabCardsTests.swift */ = {isa = PBXFileReference; lastKnownFileType = sourcecode.swift; path = CollabCardsTests.swift; sourceTree = "<group>"; };
		020DA8E12C6CE3EA00152C8E /* CardViewModelTests.swift */ = {isa = PBXFileReference; lastKnownFileType = sourcecode.swift; path = CardViewModelTests.swift; sourceTree = "<group>"; };
		020DA8E32C6CE3F900152C8E /* BoardViewModelTests.swift */ = {isa = PBXFileReference; lastKnownFileType = sourcecode.swift; path = BoardViewModelTests.swift; sourceTree = "<group>"; };
		021509C82C512824002BFFED /* EmptyView.swift */ = {isa = PBXFileReference; lastKnownFileType = sourcecode.swift; path = EmptyView.swift; sourceTree = "<group>"; };
		021509E32C52374A002BFFED /* DurationSettingView.swift */ = {isa = PBXFileReference; lastKnownFileType = sourcecode.swift; path = DurationSettingView.swift; sourceTree = "<group>"; };
		021509E72C5250F6002BFFED /* GoogleService-Info.plist */ = {isa = PBXFileReference; fileEncoding = 4; lastKnownFileType = text.plist.xml; path = "GoogleService-Info.plist"; sourceTree = "<group>"; };
		02150A242C525512002BFFED /* Crashlytics.swift */ = {isa = PBXFileReference; lastKnownFileType = sourcecode.swift; path = Crashlytics.swift; sourceTree = "<group>"; };
		022051DB2C5A3DDD00DFAC41 /* QRScannerView.swift */ = {isa = PBXFileReference; lastKnownFileType = sourcecode.swift; path = QRScannerView.swift; sourceTree = "<group>"; };
		022051DD2C5A404C00DFAC41 /* Info.plist */ = {isa = PBXFileReference; lastKnownFileType = text.plist.xml; path = Info.plist; sourceTree = "<group>"; };
		024795412C5C855900C27F61 /* BoardViewModel.swift */ = {isa = PBXFileReference; lastKnownFileType = sourcecode.swift; path = BoardViewModel.swift; sourceTree = "<group>"; };
		024795462C5CD00100C27F61 /* QRScannerAndManualEntryView.swift */ = {isa = PBXFileReference; lastKnownFileType = sourcecode.swift; path = QRScannerAndManualEntryView.swift; sourceTree = "<group>"; };
		024795542C5D108900C27F61 /* ShareSheet.swift */ = {isa = PBXFileReference; lastKnownFileType = sourcecode.swift; path = ShareSheet.swift; sourceTree = "<group>"; };
		02587EBA2C69EC7B00FE3A6F /* SettingsView.swift */ = {isa = PBXFileReference; lastKnownFileType = sourcecode.swift; path = SettingsView.swift; sourceTree = "<group>"; };
		02587EBC2C69F39500FE3A6F /* ActionButtonView.swift */ = {isa = PBXFileReference; lastKnownFileType = sourcecode.swift; path = ActionButtonView.swift; sourceTree = "<group>"; };
		02587EBE2C69F3AE00FE3A6F /* CheckButtonView.swift */ = {isa = PBXFileReference; lastKnownFileType = sourcecode.swift; path = CheckButtonView.swift; sourceTree = "<group>"; };
		02699A6A2C6B55D9003E8610 /* CancelButton.swift */ = {isa = PBXFileReference; lastKnownFileType = sourcecode.swift; path = CancelButton.swift; sourceTree = "<group>"; };
		02699A6C2C6B55F1003E8610 /* SaveButton.swift */ = {isa = PBXFileReference; lastKnownFileType = sourcecode.swift; path = SaveButton.swift; sourceTree = "<group>"; };
		02699A6E2C6B65C9003E8610 /* CardTitleInput.swift */ = {isa = PBXFileReference; lastKnownFileType = sourcecode.swift; path = CardTitleInput.swift; sourceTree = "<group>"; };
		02699A702C6B660B003E8610 /* CardStatusPicker.swift */ = {isa = PBXFileReference; lastKnownFileType = sourcecode.swift; path = CardStatusPicker.swift; sourceTree = "<group>"; };
		0288CC822C58D5790083B540 /* HomeView.swift */ = {isa = PBXFileReference; lastKnownFileType = sourcecode.swift; path = HomeView.swift; sourceTree = "<group>"; };
		0288CC862C58F1080083B540 /* NewBoardView.swift */ = {isa = PBXFileReference; lastKnownFileType = sourcecode.swift; path = NewBoardView.swift; sourceTree = "<group>"; };
		028B9DC32C5913450068C0B9 /* Board.swift */ = {isa = PBXFileReference; lastKnownFileType = sourcecode.swift; path = Board.swift; sourceTree = "<group>"; };
		02A6ABF62C51254700234AF3 /* CollabCards.app */ = {isa = PBXFileReference; explicitFileType = wrapper.application; includeInIndex = 0; path = CollabCards.app; sourceTree = BUILT_PRODUCTS_DIR; };
		02A6ABF92C51254700234AF3 /* CollabCardsApp.swift */ = {isa = PBXFileReference; lastKnownFileType = sourcecode.swift; path = CollabCardsApp.swift; sourceTree = "<group>"; };
		02A6ABFB2C51254700234AF3 /* ContentView.swift */ = {isa = PBXFileReference; lastKnownFileType = sourcecode.swift; path = ContentView.swift; sourceTree = "<group>"; };
		02A6ABFD2C51254800234AF3 /* Assets.xcassets */ = {isa = PBXFileReference; lastKnownFileType = folder.assetcatalog; path = Assets.xcassets; sourceTree = "<group>"; };
		02A6AC002C51254800234AF3 /* Preview Assets.xcassets */ = {isa = PBXFileReference; lastKnownFileType = folder.assetcatalog; path = "Preview Assets.xcassets"; sourceTree = "<group>"; };
		02B5F5392C538BCA006C0BFB /* BoardView.swift */ = {isa = PBXFileReference; lastKnownFileType = sourcecode.swift; path = BoardView.swift; sourceTree = "<group>"; };
		02B5F53C2C538C7F006C0BFB /* CardViewModel.swift */ = {isa = PBXFileReference; lastKnownFileType = sourcecode.swift; path = CardViewModel.swift; sourceTree = "<group>"; };
		02B5F53E2C538D40006C0BFB /* Card.swift */ = {isa = PBXFileReference; lastKnownFileType = sourcecode.swift; path = Card.swift; sourceTree = "<group>"; };
		02B5F5402C538F6E006C0BFB /* AddCardView.swift */ = {isa = PBXFileReference; lastKnownFileType = sourcecode.swift; path = AddCardView.swift; sourceTree = "<group>"; };
		02B5F5422C538FC7006C0BFB /* CardColumnView.swift */ = {isa = PBXFileReference; lastKnownFileType = sourcecode.swift; path = CardColumnView.swift; sourceTree = "<group>"; };
		02B5F5442C53A5F3006C0BFB /* CardView.swift */ = {isa = PBXFileReference; lastKnownFileType = sourcecode.swift; path = CardView.swift; sourceTree = "<group>"; };
		02B5F5462C53AB17006C0BFB /* CardDropDelegate.swift */ = {isa = PBXFileReference; lastKnownFileType = sourcecode.swift; path = CardDropDelegate.swift; sourceTree = "<group>"; };
		02B5F5482C53B25A006C0BFB /* EditCardView.swift */ = {isa = PBXFileReference; lastKnownFileType = sourcecode.swift; path = EditCardView.swift; sourceTree = "<group>"; };
		02EBDCCE2C66395A009BC723 /* HeaderView.swift */ = {isa = PBXFileReference; lastKnownFileType = sourcecode.swift; path = HeaderView.swift; sourceTree = "<group>"; };
/* End PBXFileReference section */

/* Begin PBXFrameworksBuildPhase section */
		020DA8D32C6CE3A700152C8E /* Frameworks */ = {
			isa = PBXFrameworksBuildPhase;
			buildActionMask = 2147483647;
			files = (
			);
			runOnlyForDeploymentPostprocessing = 0;
		};
		02A6ABF32C51254700234AF3 /* Frameworks */ = {
			isa = PBXFrameworksBuildPhase;
			buildActionMask = 2147483647;
			files = (
				022051D72C5A3BB500DFAC41 /* FirebaseFirestoreCombine-Community in Frameworks */,
				022051DA2C5A3C2700DFAC41 /* EFQRCode in Frameworks */,
				022051D32C5A3BB500DFAC41 /* FirebaseCrashlytics in Frameworks */,
				022051D52C5A3BB500DFAC41 /* FirebaseFirestore in Frameworks */,
			);
			runOnlyForDeploymentPostprocessing = 0;
		};
/* End PBXFrameworksBuildPhase section */

/* Begin PBXGroup section */
		020DA8D72C6CE3A700152C8E /* CollabCardsTests */ = {
			isa = PBXGroup;
			children = (
				020DA8DF2C6CE3D300152C8E /* CardViewModel */,
				020DA8E02C6CE3D700152C8E /* BoardViewModel */,
				020DA8D82C6CE3A700152C8E /* CollabCardsTests.swift */,
			);
			path = CollabCardsTests;
			sourceTree = "<group>";
		};
		020DA8DF2C6CE3D300152C8E /* CardViewModel */ = {
			isa = PBXGroup;
			children = (
				020DA8E12C6CE3EA00152C8E /* CardViewModelTests.swift */,
			);
			path = CardViewModel;
			sourceTree = "<group>";
		};
		020DA8E02C6CE3D700152C8E /* BoardViewModel */ = {
			isa = PBXGroup;
			children = (
				020DA8E32C6CE3F900152C8E /* BoardViewModelTests.swift */,
			);
			path = BoardViewModel;
			sourceTree = "<group>";
		};
		021509CE2C513231002BFFED /* Home */ = {
			isa = PBXGroup;
			children = (
				021509C82C512824002BFFED /* EmptyView.swift */,
				0288CC822C58D5790083B540 /* HomeView.swift */,
				024795542C5D108900C27F61 /* ShareSheet.swift */,
			);
			path = Home;
			sourceTree = "<group>";
		};
		021509CF2C513235002BFFED /* Components */ = {
			isa = PBXGroup;
			children = (
				02EBDCCE2C66395A009BC723 /* HeaderView.swift */,
				0288CC862C58F1080083B540 /* NewBoardView.swift */,
				021509E32C52374A002BFFED /* DurationSettingView.swift */,
				02B5F5462C53AB17006C0BFB /* CardDropDelegate.swift */,
				02B5F5402C538F6E006C0BFB /* AddCardView.swift */,
				02B5F5482C53B25A006C0BFB /* EditCardView.swift */,
				02699A702C6B660B003E8610 /* CardStatusPicker.swift */,
				02699A6E2C6B65C9003E8610 /* CardTitleInput.swift */,
				02699A6C2C6B55F1003E8610 /* SaveButton.swift */,
				02699A6A2C6B55D9003E8610 /* CancelButton.swift */,
				02587EBC2C69F39500FE3A6F /* ActionButtonView.swift */,
				02587EBE2C69F3AE00FE3A6F /* CheckButtonView.swift */,
				021509CE2C513231002BFFED /* Home */,
				02EBDCD02C663B96009BC723 /* QRScanner */,
				02B5F5372C538BAC006C0BFB /* Board */,
				02587EB92C69EC6000FE3A6F /* SettingsView */,
			);
			path = Components;
			sourceTree = "<group>";
		};
		021509D22C513256002BFFED /* Theme */ = {
			isa = PBXGroup;
			children = (
				02A6ABFD2C51254800234AF3 /* Assets.xcassets */,
			);
			path = Theme;
			sourceTree = "<group>";
		};
		021509DA2C513A46002BFFED /* Models */ = {
			isa = PBXGroup;
			children = (
				028B9DC32C5913450068C0B9 /* Board.swift */,
				02B5F53E2C538D40006C0BFB /* Card.swift */,
			);
			path = Models;
			sourceTree = "<group>";
		};
		02150A232C525502002BFFED /* Extensions */ = {
			isa = PBXGroup;
			children = (
				02150A242C525512002BFFED /* Crashlytics.swift */,
			);
			path = Extensions;
			sourceTree = "<group>";
		};
		02587EB92C69EC6000FE3A6F /* SettingsView */ = {
			isa = PBXGroup;
			children = (
				02587EBA2C69EC7B00FE3A6F /* SettingsView.swift */,
			);
			path = SettingsView;
			sourceTree = "<group>";
		};
		02A6ABED2C51254700234AF3 = {
			isa = PBXGroup;
			children = (
				02A6ABF82C51254700234AF3 /* CollabCards */,
				021509E72C5250F6002BFFED /* GoogleService-Info.plist */,
				020DA8D72C6CE3A700152C8E /* CollabCardsTests */,
				02A6ABF72C51254700234AF3 /* Products */,
			);
			sourceTree = "<group>";
		};
		02A6ABF72C51254700234AF3 /* Products */ = {
			isa = PBXGroup;
			children = (
				02A6ABF62C51254700234AF3 /* CollabCards.app */,
				020DA8D62C6CE3A700152C8E /* CollabCardsTests.xctest */,
			);
			name = Products;
			sourceTree = "<group>";
		};
		02A6ABF82C51254700234AF3 /* CollabCards */ = {
			isa = PBXGroup;
			children = (
				022051DD2C5A404C00DFAC41 /* Info.plist */,
				02A6ABF92C51254700234AF3 /* CollabCardsApp.swift */,
				02A6ABFB2C51254700234AF3 /* ContentView.swift */,
				021509D22C513256002BFFED /* Theme */,
				02150A232C525502002BFFED /* Extensions */,
				021509DA2C513A46002BFFED /* Models */,
				02B5F53B2C538C6D006C0BFB /* ViewModels */,
				02B5F5382C538BC0006C0BFB /* Views */,
				02A6ABFF2C51254800234AF3 /* Preview Content */,
			);
			path = CollabCards;
			sourceTree = "<group>";
		};
		02A6ABFF2C51254800234AF3 /* Preview Content */ = {
			isa = PBXGroup;
			children = (
				02A6AC002C51254800234AF3 /* Preview Assets.xcassets */,
			);
			path = "Preview Content";
			sourceTree = "<group>";
		};
		02B5F5372C538BAC006C0BFB /* Board */ = {
			isa = PBXGroup;
			children = (
				02B5F5392C538BCA006C0BFB /* BoardView.swift */,
				02B5F5442C53A5F3006C0BFB /* CardView.swift */,
				02B5F5422C538FC7006C0BFB /* CardColumnView.swift */,
			);
			path = Board;
			sourceTree = "<group>";
		};
		02B5F5382C538BC0006C0BFB /* Views */ = {
			isa = PBXGroup;
			children = (
				021509CF2C513235002BFFED /* Components */,
			);
			path = Views;
			sourceTree = "<group>";
		};
		02B5F53B2C538C6D006C0BFB /* ViewModels */ = {
			isa = PBXGroup;
			children = (
				024795412C5C855900C27F61 /* BoardViewModel.swift */,
				02B5F53C2C538C7F006C0BFB /* CardViewModel.swift */,
			);
			path = ViewModels;
			sourceTree = "<group>";
		};
		02EBDCD02C663B96009BC723 /* QRScanner */ = {
			isa = PBXGroup;
			children = (
				022051DB2C5A3DDD00DFAC41 /* QRScannerView.swift */,
				024795462C5CD00100C27F61 /* QRScannerAndManualEntryView.swift */,
			);
			path = QRScanner;
			sourceTree = "<group>";
		};
/* End PBXGroup section */

/* Begin PBXNativeTarget section */
		020DA8D52C6CE3A700152C8E /* CollabCardsTests */ = {
			isa = PBXNativeTarget;
			buildConfigurationList = 020DA8DC2C6CE3A700152C8E /* Build configuration list for PBXNativeTarget "CollabCardsTests" */;
			buildPhases = (
				020DA8D22C6CE3A700152C8E /* Sources */,
				020DA8D32C6CE3A700152C8E /* Frameworks */,
				020DA8D42C6CE3A700152C8E /* Resources */,
			);
			buildRules = (
			);
			dependencies = (
				020DA8DB2C6CE3A700152C8E /* PBXTargetDependency */,
			);
			name = CollabCardsTests;
			productName = CollabCardsTests;
			productReference = 020DA8D62C6CE3A700152C8E /* CollabCardsTests.xctest */;
			productType = "com.apple.product-type.bundle.unit-test";
		};
		02A6ABF52C51254700234AF3 /* CollabCards */ = {
			isa = PBXNativeTarget;
			buildConfigurationList = 02A6AC042C51254800234AF3 /* Build configuration list for PBXNativeTarget "CollabCards" */;
			buildPhases = (
				02A6ABF22C51254700234AF3 /* Sources */,
				02A6ABF32C51254700234AF3 /* Frameworks */,
				02A6ABF42C51254700234AF3 /* Resources */,
			);
			buildRules = (
			);
			dependencies = (
			);
			name = CollabCards;
			packageProductDependencies = (
				022051D22C5A3BB500DFAC41 /* FirebaseCrashlytics */,
				022051D42C5A3BB500DFAC41 /* FirebaseFirestore */,
				022051D62C5A3BB500DFAC41 /* FirebaseFirestoreCombine-Community */,
				022051D92C5A3C2700DFAC41 /* EFQRCode */,
			);
			productName = CollabCards;
			productReference = 02A6ABF62C51254700234AF3 /* CollabCards.app */;
			productType = "com.apple.product-type.application";
		};
/* End PBXNativeTarget section */

/* Begin PBXProject section */
		02A6ABEE2C51254700234AF3 /* Project object */ = {
			isa = PBXProject;
			attributes = {
				BuildIndependentTargetsInParallel = 1;
				LastSwiftUpdateCheck = 1540;
				LastUpgradeCheck = 1540;
				TargetAttributes = {
					020DA8D52C6CE3A700152C8E = {
						CreatedOnToolsVersion = 15.4;
						TestTargetID = 02A6ABF52C51254700234AF3;
					};
					02A6ABF52C51254700234AF3 = {
						CreatedOnToolsVersion = 15.4;
					};
				};
			};
			buildConfigurationList = 02A6ABF12C51254700234AF3 /* Build configuration list for PBXProject "CollabCards" */;
			compatibilityVersion = "Xcode 14.0";
			developmentRegion = en;
			hasScannedForEncodings = 0;
			knownRegions = (
				en,
				Base,
			);
			mainGroup = 02A6ABED2C51254700234AF3;
			packageReferences = (
				022051D12C5A3BB500DFAC41 /* XCRemoteSwiftPackageReference "firebase-ios-sdk" */,
				022051D82C5A3C2700DFAC41 /* XCRemoteSwiftPackageReference "EFQRCode" */,
			);
			productRefGroup = 02A6ABF72C51254700234AF3 /* Products */;
			projectDirPath = "";
			projectRoot = "";
			targets = (
				02A6ABF52C51254700234AF3 /* CollabCards */,
				020DA8D52C6CE3A700152C8E /* CollabCardsTests */,
			);
		};
/* End PBXProject section */

/* Begin PBXResourcesBuildPhase section */
		020DA8D42C6CE3A700152C8E /* Resources */ = {
			isa = PBXResourcesBuildPhase;
			buildActionMask = 2147483647;
			files = (
			);
			runOnlyForDeploymentPostprocessing = 0;
		};
		02A6ABF42C51254700234AF3 /* Resources */ = {
			isa = PBXResourcesBuildPhase;
			buildActionMask = 2147483647;
			files = (
				02A6AC012C51254800234AF3 /* Preview Assets.xcassets in Resources */,
				02A6ABFE2C51254800234AF3 /* Assets.xcassets in Resources */,
				021509E82C5250F6002BFFED /* GoogleService-Info.plist in Resources */,
			);
			runOnlyForDeploymentPostprocessing = 0;
		};
/* End PBXResourcesBuildPhase section */

/* Begin PBXSourcesBuildPhase section */
		020DA8D22C6CE3A700152C8E /* Sources */ = {
			isa = PBXSourcesBuildPhase;
			buildActionMask = 2147483647;
			files = (
				020DA8E22C6CE3EA00152C8E /* CardViewModelTests.swift in Sources */,
				020DA8D92C6CE3A700152C8E /* CollabCardsTests.swift in Sources */,
				020DA8E42C6CE3F900152C8E /* BoardViewModelTests.swift in Sources */,
			);
			runOnlyForDeploymentPostprocessing = 0;
		};
		02A6ABF22C51254700234AF3 /* Sources */ = {
			isa = PBXSourcesBuildPhase;
			buildActionMask = 2147483647;
			files = (
				021509C92C512824002BFFED /* EmptyView.swift in Sources */,
				02587EBD2C69F39500FE3A6F /* ActionButtonView.swift in Sources */,
				028B9DC42C5913450068C0B9 /* Board.swift in Sources */,
				02699A6F2C6B65C9003E8610 /* CardTitleInput.swift in Sources */,
				022051DC2C5A3DDD00DFAC41 /* QRScannerView.swift in Sources */,
				02B5F5412C538F6E006C0BFB /* AddCardView.swift in Sources */,
				02B5F53D2C538C7F006C0BFB /* CardViewModel.swift in Sources */,
				02B5F5452C53A5F3006C0BFB /* CardView.swift in Sources */,
				0288CC872C58F1080083B540 /* NewBoardView.swift in Sources */,
				02699A712C6B660B003E8610 /* CardStatusPicker.swift in Sources */,
				02EBDCCF2C66395A009BC723 /* HeaderView.swift in Sources */,
				02699A6B2C6B55DA003E8610 /* CancelButton.swift in Sources */,
				02B5F53F2C538D40006C0BFB /* Card.swift in Sources */,
				02B5F5492C53B25A006C0BFB /* EditCardView.swift in Sources */,
				02B5F5432C538FC7006C0BFB /* CardColumnView.swift in Sources */,
				021509E42C52374A002BFFED /* DurationSettingView.swift in Sources */,
				02587EBF2C69F3AE00FE3A6F /* CheckButtonView.swift in Sources */,
				02A6ABFC2C51254700234AF3 /* ContentView.swift in Sources */,
				02150A252C525512002BFFED /* Crashlytics.swift in Sources */,
				02B5F53A2C538BCA006C0BFB /* BoardView.swift in Sources */,
				02699A6D2C6B55F1003E8610 /* SaveButton.swift in Sources */,
				02B5F5472C53AB17006C0BFB /* CardDropDelegate.swift in Sources */,
				02A6ABFA2C51254700234AF3 /* CollabCardsApp.swift in Sources */,
				0288CC832C58D5790083B540 /* HomeView.swift in Sources */,
				024795552C5D108900C27F61 /* ShareSheet.swift in Sources */,
				024795422C5C855900C27F61 /* BoardViewModel.swift in Sources */,
				024795472C5CD00100C27F61 /* QRScannerAndManualEntryView.swift in Sources */,
				02587EBB2C69EC7B00FE3A6F /* SettingsView.swift in Sources */,
			);
			runOnlyForDeploymentPostprocessing = 0;
		};
/* End PBXSourcesBuildPhase section */

/* Begin PBXTargetDependency section */
		020DA8DB2C6CE3A700152C8E /* PBXTargetDependency */ = {
			isa = PBXTargetDependency;
			target = 02A6ABF52C51254700234AF3 /* CollabCards */;
			targetProxy = 020DA8DA2C6CE3A700152C8E /* PBXContainerItemProxy */;
		};
/* End PBXTargetDependency section */

/* Begin XCBuildConfiguration section */
		020DA8DD2C6CE3A700152C8E /* Debug */ = {
			isa = XCBuildConfiguration;
			buildSettings = {
				BUNDLE_LOADER = "$(TEST_HOST)";
				CODE_SIGN_STYLE = Automatic;
				CURRENT_PROJECT_VERSION = 1;
				DEVELOPMENT_TEAM = XS5B289466;
				GENERATE_INFOPLIST_FILE = YES;
				MARKETING_VERSION = 1.0;
				PRODUCT_BUNDLE_IDENTIFIER = com.ffk.CollabCardsTests;
				PRODUCT_NAME = "$(TARGET_NAME)";
				SWIFT_EMIT_LOC_STRINGS = NO;
				SWIFT_VERSION = 5.0;
				TARGETED_DEVICE_FAMILY = "1,2";
				TEST_HOST = "$(BUILT_PRODUCTS_DIR)/CollabCards.app/$(BUNDLE_EXECUTABLE_FOLDER_PATH)/CollabCards";
			};
			name = Debug;
		};
		020DA8DE2C6CE3A700152C8E /* Release */ = {
			isa = XCBuildConfiguration;
			buildSettings = {
				BUNDLE_LOADER = "$(TEST_HOST)";
				CODE_SIGN_STYLE = Automatic;
				CURRENT_PROJECT_VERSION = 1;
				DEVELOPMENT_TEAM = XS5B289466;
				GENERATE_INFOPLIST_FILE = YES;
				MARKETING_VERSION = 1.0;
				PRODUCT_BUNDLE_IDENTIFIER = com.ffk.CollabCardsTests;
				PRODUCT_NAME = "$(TARGET_NAME)";
				SWIFT_EMIT_LOC_STRINGS = NO;
				SWIFT_VERSION = 5.0;
				TARGETED_DEVICE_FAMILY = "1,2";
				TEST_HOST = "$(BUILT_PRODUCTS_DIR)/CollabCards.app/$(BUNDLE_EXECUTABLE_FOLDER_PATH)/CollabCards";
			};
			name = Release;
		};
		02A6AC022C51254800234AF3 /* Debug */ = {
			isa = XCBuildConfiguration;
			buildSettings = {
				ALWAYS_SEARCH_USER_PATHS = NO;
				ASSETCATALOG_COMPILER_GENERATE_SWIFT_ASSET_SYMBOL_EXTENSIONS = YES;
				CLANG_ANALYZER_NONNULL = YES;
				CLANG_ANALYZER_NUMBER_OBJECT_CONVERSION = YES_AGGRESSIVE;
				CLANG_CXX_LANGUAGE_STANDARD = "gnu++20";
				CLANG_ENABLE_MODULES = YES;
				CLANG_ENABLE_OBJC_ARC = YES;
				CLANG_ENABLE_OBJC_WEAK = YES;
				CLANG_WARN_BLOCK_CAPTURE_AUTORELEASING = YES;
				CLANG_WARN_BOOL_CONVERSION = YES;
				CLANG_WARN_COMMA = YES;
				CLANG_WARN_CONSTANT_CONVERSION = YES;
				CLANG_WARN_DEPRECATED_OBJC_IMPLEMENTATIONS = YES;
				CLANG_WARN_DIRECT_OBJC_ISA_USAGE = YES_ERROR;
				CLANG_WARN_DOCUMENTATION_COMMENTS = YES;
				CLANG_WARN_EMPTY_BODY = YES;
				CLANG_WARN_ENUM_CONVERSION = YES;
				CLANG_WARN_INFINITE_RECURSION = YES;
				CLANG_WARN_INT_CONVERSION = YES;
				CLANG_WARN_NON_LITERAL_NULL_CONVERSION = YES;
				CLANG_WARN_OBJC_IMPLICIT_RETAIN_SELF = YES;
				CLANG_WARN_OBJC_LITERAL_CONVERSION = YES;
				CLANG_WARN_OBJC_ROOT_CLASS = YES_ERROR;
				CLANG_WARN_QUOTED_INCLUDE_IN_FRAMEWORK_HEADER = YES;
				CLANG_WARN_RANGE_LOOP_ANALYSIS = YES;
				CLANG_WARN_STRICT_PROTOTYPES = YES;
				CLANG_WARN_SUSPICIOUS_MOVE = YES;
				CLANG_WARN_UNGUARDED_AVAILABILITY = YES_AGGRESSIVE;
				CLANG_WARN_UNREACHABLE_CODE = YES;
				CLANG_WARN__DUPLICATE_METHOD_MATCH = YES;
				COPY_PHASE_STRIP = NO;
				DEBUG_INFORMATION_FORMAT = "dwarf-with-dsym";
				ENABLE_STRICT_OBJC_MSGSEND = YES;
				ENABLE_TESTABILITY = YES;
				ENABLE_USER_SCRIPT_SANDBOXING = YES;
				GCC_C_LANGUAGE_STANDARD = gnu17;
				GCC_DYNAMIC_NO_PIC = NO;
				GCC_NO_COMMON_BLOCKS = YES;
				GCC_OPTIMIZATION_LEVEL = 0;
				GCC_PREPROCESSOR_DEFINITIONS = (
					"DEBUG=1",
					"$(inherited)",
				);
				GCC_WARN_64_TO_32_BIT_CONVERSION = YES;
				GCC_WARN_ABOUT_RETURN_TYPE = YES_ERROR;
				GCC_WARN_UNDECLARED_SELECTOR = YES;
				GCC_WARN_UNINITIALIZED_AUTOS = YES_AGGRESSIVE;
				GCC_WARN_UNUSED_FUNCTION = YES;
				GCC_WARN_UNUSED_VARIABLE = YES;
				IPHONEOS_DEPLOYMENT_TARGET = 17.5;
				LOCALIZATION_PREFERS_STRING_CATALOGS = YES;
				MTL_ENABLE_DEBUG_INFO = INCLUDE_SOURCE;
				MTL_FAST_MATH = YES;
				ONLY_ACTIVE_ARCH = YES;
				SDKROOT = iphoneos;
				SWIFT_ACTIVE_COMPILATION_CONDITIONS = "DEBUG $(inherited)";
				SWIFT_OPTIMIZATION_LEVEL = "-Onone";
			};
			name = Debug;
		};
		02A6AC032C51254800234AF3 /* Release */ = {
			isa = XCBuildConfiguration;
			buildSettings = {
				ALWAYS_SEARCH_USER_PATHS = NO;
				ASSETCATALOG_COMPILER_GENERATE_SWIFT_ASSET_SYMBOL_EXTENSIONS = YES;
				CLANG_ANALYZER_NONNULL = YES;
				CLANG_ANALYZER_NUMBER_OBJECT_CONVERSION = YES_AGGRESSIVE;
				CLANG_CXX_LANGUAGE_STANDARD = "gnu++20";
				CLANG_ENABLE_MODULES = YES;
				CLANG_ENABLE_OBJC_ARC = YES;
				CLANG_ENABLE_OBJC_WEAK = YES;
				CLANG_WARN_BLOCK_CAPTURE_AUTORELEASING = YES;
				CLANG_WARN_BOOL_CONVERSION = YES;
				CLANG_WARN_COMMA = YES;
				CLANG_WARN_CONSTANT_CONVERSION = YES;
				CLANG_WARN_DEPRECATED_OBJC_IMPLEMENTATIONS = YES;
				CLANG_WARN_DIRECT_OBJC_ISA_USAGE = YES_ERROR;
				CLANG_WARN_DOCUMENTATION_COMMENTS = YES;
				CLANG_WARN_EMPTY_BODY = YES;
				CLANG_WARN_ENUM_CONVERSION = YES;
				CLANG_WARN_INFINITE_RECURSION = YES;
				CLANG_WARN_INT_CONVERSION = YES;
				CLANG_WARN_NON_LITERAL_NULL_CONVERSION = YES;
				CLANG_WARN_OBJC_IMPLICIT_RETAIN_SELF = YES;
				CLANG_WARN_OBJC_LITERAL_CONVERSION = YES;
				CLANG_WARN_OBJC_ROOT_CLASS = YES_ERROR;
				CLANG_WARN_QUOTED_INCLUDE_IN_FRAMEWORK_HEADER = YES;
				CLANG_WARN_RANGE_LOOP_ANALYSIS = YES;
				CLANG_WARN_STRICT_PROTOTYPES = YES;
				CLANG_WARN_SUSPICIOUS_MOVE = YES;
				CLANG_WARN_UNGUARDED_AVAILABILITY = YES_AGGRESSIVE;
				CLANG_WARN_UNREACHABLE_CODE = YES;
				CLANG_WARN__DUPLICATE_METHOD_MATCH = YES;
				COPY_PHASE_STRIP = NO;
				DEBUG_INFORMATION_FORMAT = "dwarf-with-dsym";
				ENABLE_NS_ASSERTIONS = NO;
				ENABLE_STRICT_OBJC_MSGSEND = YES;
				ENABLE_USER_SCRIPT_SANDBOXING = YES;
				GCC_C_LANGUAGE_STANDARD = gnu17;
				GCC_NO_COMMON_BLOCKS = YES;
				GCC_WARN_64_TO_32_BIT_CONVERSION = YES;
				GCC_WARN_ABOUT_RETURN_TYPE = YES_ERROR;
				GCC_WARN_UNDECLARED_SELECTOR = YES;
				GCC_WARN_UNINITIALIZED_AUTOS = YES_AGGRESSIVE;
				GCC_WARN_UNUSED_FUNCTION = YES;
				GCC_WARN_UNUSED_VARIABLE = YES;
				IPHONEOS_DEPLOYMENT_TARGET = 17.5;
				LOCALIZATION_PREFERS_STRING_CATALOGS = YES;
				MTL_ENABLE_DEBUG_INFO = NO;
				MTL_FAST_MATH = YES;
				SDKROOT = iphoneos;
				SWIFT_COMPILATION_MODE = wholemodule;
				VALIDATE_PRODUCT = YES;
			};
			name = Release;
		};
		02A6AC052C51254800234AF3 /* Debug */ = {
			isa = XCBuildConfiguration;
			buildSettings = {
				ASSETCATALOG_COMPILER_APPICON_NAME = AppIcon;
				ASSETCATALOG_COMPILER_GLOBAL_ACCENT_COLOR_NAME = AccentColor;
				CODE_SIGN_IDENTITY = "Apple Development";
				CODE_SIGN_STYLE = Automatic;
				CURRENT_PROJECT_VERSION = 1;
				DEVELOPMENT_ASSET_PATHS = "\"CollabCards/Preview Content\"";
				DEVELOPMENT_TEAM = XS5B289466;
				ENABLE_PREVIEWS = YES;
				GENERATE_INFOPLIST_FILE = YES;
				INFOPLIST_FILE = CollabCards/Info.plist;
				INFOPLIST_KEY_NSCameraUsageDescription = "Kullanıcıların QR kodlarını taramak için kamera erişimi gereklidir.";
				INFOPLIST_KEY_UIApplicationSceneManifest_Generation = YES;
				INFOPLIST_KEY_UIApplicationSupportsIndirectInputEvents = YES;
				INFOPLIST_KEY_UILaunchScreen_Generation = YES;
				INFOPLIST_KEY_UISupportedInterfaceOrientations_iPad = "UIInterfaceOrientationPortrait UIInterfaceOrientationPortraitUpsideDown UIInterfaceOrientationLandscapeLeft UIInterfaceOrientationLandscapeRight";
				INFOPLIST_KEY_UISupportedInterfaceOrientations_iPhone = "UIInterfaceOrientationPortrait UIInterfaceOrientationLandscapeLeft UIInterfaceOrientationLandscapeRight";
				IPHONEOS_DEPLOYMENT_TARGET = 16.0;
				LD_RUNPATH_SEARCH_PATHS = (
					"$(inherited)",
					"@executable_path/Frameworks",
				);
				MARKETING_VERSION = 1.0;
				PRODUCT_BUNDLE_IDENTIFIER = com.ffk.CollabCards;
				PRODUCT_NAME = "$(TARGET_NAME)";
				PROVISIONING_PROFILE_SPECIFIER = "";
				SWIFT_EMIT_LOC_STRINGS = YES;
				SWIFT_VERSION = 5.0;
				TARGETED_DEVICE_FAMILY = "1,2";
			};
			name = Debug;
		};
		02A6AC062C51254800234AF3 /* Release */ = {
			isa = XCBuildConfiguration;
			buildSettings = {
				ASSETCATALOG_COMPILER_APPICON_NAME = AppIcon;
				ASSETCATALOG_COMPILER_GLOBAL_ACCENT_COLOR_NAME = AccentColor;
				CODE_SIGN_IDENTITY = "Apple Development";
				CODE_SIGN_STYLE = Automatic;
				CURRENT_PROJECT_VERSION = 1;
				DEVELOPMENT_ASSET_PATHS = "\"CollabCards/Preview Content\"";
				DEVELOPMENT_TEAM = XS5B289466;
				ENABLE_PREVIEWS = YES;
				GENERATE_INFOPLIST_FILE = YES;
				INFOPLIST_FILE = CollabCards/Info.plist;
				INFOPLIST_KEY_NSCameraUsageDescription = "Kullanıcıların QR kodlarını taramak için kamera erişimi gereklidir.";
				INFOPLIST_KEY_UIApplicationSceneManifest_Generation = YES;
				INFOPLIST_KEY_UIApplicationSupportsIndirectInputEvents = YES;
				INFOPLIST_KEY_UILaunchScreen_Generation = YES;
				INFOPLIST_KEY_UISupportedInterfaceOrientations_iPad = "UIInterfaceOrientationPortrait UIInterfaceOrientationPortraitUpsideDown UIInterfaceOrientationLandscapeLeft UIInterfaceOrientationLandscapeRight";
				INFOPLIST_KEY_UISupportedInterfaceOrientations_iPhone = "UIInterfaceOrientationPortrait UIInterfaceOrientationLandscapeLeft UIInterfaceOrientationLandscapeRight";
				IPHONEOS_DEPLOYMENT_TARGET = 16.0;
				LD_RUNPATH_SEARCH_PATHS = (
					"$(inherited)",
					"@executable_path/Frameworks",
				);
				MARKETING_VERSION = 1.0;
				PRODUCT_BUNDLE_IDENTIFIER = com.ffk.CollabCards;
				PRODUCT_NAME = "$(TARGET_NAME)";
				PROVISIONING_PROFILE_SPECIFIER = "";
				SWIFT_EMIT_LOC_STRINGS = YES;
				SWIFT_VERSION = 5.0;
				TARGETED_DEVICE_FAMILY = "1,2";
			};
			name = Release;
		};
/* End XCBuildConfiguration section */

/* Begin XCConfigurationList section */
		020DA8DC2C6CE3A700152C8E /* Build configuration list for PBXNativeTarget "CollabCardsTests" */ = {
			isa = XCConfigurationList;
			buildConfigurations = (
				020DA8DD2C6CE3A700152C8E /* Debug */,
				020DA8DE2C6CE3A700152C8E /* Release */,
			);
			defaultConfigurationIsVisible = 0;
			defaultConfigurationName = Release;
		};
		02A6ABF12C51254700234AF3 /* Build configuration list for PBXProject "CollabCards" */ = {
			isa = XCConfigurationList;
			buildConfigurations = (
				02A6AC022C51254800234AF3 /* Debug */,
				02A6AC032C51254800234AF3 /* Release */,
			);
			defaultConfigurationIsVisible = 0;
			defaultConfigurationName = Release;
		};
		02A6AC042C51254800234AF3 /* Build configuration list for PBXNativeTarget "CollabCards" */ = {
			isa = XCConfigurationList;
			buildConfigurations = (
				02A6AC052C51254800234AF3 /* Debug */,
				02A6AC062C51254800234AF3 /* Release */,
			);
			defaultConfigurationIsVisible = 0;
			defaultConfigurationName = Release;
		};
/* End XCConfigurationList section */

/* Begin XCRemoteSwiftPackageReference section */
		022051D12C5A3BB500DFAC41 /* XCRemoteSwiftPackageReference "firebase-ios-sdk" */ = {
			isa = XCRemoteSwiftPackageReference;
			repositoryURL = "https://github.com/firebase/firebase-ios-sdk";
			requirement = {
				kind = upToNextMajorVersion;
				minimumVersion = 11.0.0;
			};
		};
		022051D82C5A3C2700DFAC41 /* XCRemoteSwiftPackageReference "EFQRCode" */ = {
			isa = XCRemoteSwiftPackageReference;
			repositoryURL = "https://github.com/EFPrefix/EFQRCode";
			requirement = {
				kind = upToNextMajorVersion;
				minimumVersion = 6.2.2;
			};
		};
/* End XCRemoteSwiftPackageReference section */

/* Begin XCSwiftPackageProductDependency section */
		022051D22C5A3BB500DFAC41 /* FirebaseCrashlytics */ = {
			isa = XCSwiftPackageProductDependency;
			package = 022051D12C5A3BB500DFAC41 /* XCRemoteSwiftPackageReference "firebase-ios-sdk" */;
			productName = FirebaseCrashlytics;
		};
		022051D42C5A3BB500DFAC41 /* FirebaseFirestore */ = {
			isa = XCSwiftPackageProductDependency;
			package = 022051D12C5A3BB500DFAC41 /* XCRemoteSwiftPackageReference "firebase-ios-sdk" */;
			productName = FirebaseFirestore;
		};
		022051D62C5A3BB500DFAC41 /* FirebaseFirestoreCombine-Community */ = {
			isa = XCSwiftPackageProductDependency;
			package = 022051D12C5A3BB500DFAC41 /* XCRemoteSwiftPackageReference "firebase-ios-sdk" */;
			productName = "FirebaseFirestoreCombine-Community";
		};
		022051D92C5A3C2700DFAC41 /* EFQRCode */ = {
			isa = XCSwiftPackageProductDependency;
			package = 022051D82C5A3C2700DFAC41 /* XCRemoteSwiftPackageReference "EFQRCode" */;
			productName = EFQRCode;
		};
/* End XCSwiftPackageProductDependency section */
	};
	rootObject = 02A6ABEE2C51254700234AF3 /* Project object */;
}
